
Microsoft Visual Studio Solution File, Format Version 12.00
# Visual Studio Version 17
VisualStudioVersion = 17.3.32605.63
MinimumVisualStudioVersion = 10.0.40219.1
Project("{FAE04EC0-301F-11D3-BF4B-00C04F79EFBC}") = "DevTools.RuntimeDeploy", "WinFormsDevTools\DevTools.RuntimeDeploy.csproj", "{8309985A-2A90-4401-BCEA-E07322C296D9}"
EndProject
Project("{FAE04EC0-301F-11D3-BF4B-00C04F79EFBC}") = "DevTools.Libs", "WinFormsToolLib\DevTools.Libs.csproj", "{5AB54FA3-18FD-4753-9DA8-AF8817B9CE51}"
EndProject
Project("{FAE04EC0-301F-11D3-BF4B-00C04F79EFBC}") = "DevTools.ShadowCacheSpy", "ShadowCacheSpy\DevTools.ShadowCacheSpy.csproj", "{7E3068E0-C548-48E3-8B80-C675A94878CB}"
EndProject
Project("{2150E333-8FDC-42A3-9474-1A3956D46DE8}") = "_solutionItems", "_solutionItems", "{73E229BA-EB52-425B-92BD-A1ECDA114010}"
	ProjectSection(SolutionItems) = preProject
		.editorconfig = .editorconfig
		NuGet.config = NuGet.config
		..\README.md = ..\README.md
	EndProjectSection
EndProject
Project("{2150E333-8FDC-42A3-9474-1A3956D46DE8}") = "Apps", "Apps", "{7E5D289F-FCB0-4117-862B-C30B0C367D1A}"
EndProject
Project("{FAE04EC0-301F-11D3-BF4B-00C04F79EFBC}") = "CommunityToolkit.WinForms.Controls.ConsoleControl", "..\..\CommunityToolkit.WinForms\src\CommunityToolkit.WinForms\ConsoleControl\CommunityToolkit.WinForms.Controls.ConsoleControl.csproj", "{CD59A123-2C34-4251-B9D1-A9EA1003AC96}"
EndProject
Project("{2150E333-8FDC-42A3-9474-1A3956D46DE8}") = "CommunityToolkit", "CommunityToolkit", "{F1F2DAAE-0141-4263-8B0A-2CC97AFBB151}"
EndProject
Project("{FAE04EC0-301F-11D3-BF4B-00C04F79EFBC}") = "CommunityToolkit.WinForms.Controls.FileAndFolderSupport", "..\..\CommunityToolkit.WinForms\src\CommunityToolkit.WinForms\FileAndFolderSupport\CommunityToolkit.WinForms.Controls.FileAndFolderSupport.csproj", "{4ACDB1D3-9D29-449F-8663-27AC3498BCE1}"
EndProject
Project("{FAE04EC0-301F-11D3-BF4B-00C04F79EFBC}") = "CommunityToolkit.WinForms.Extensions.FormAndControlExtensions", "..\..\CommunityToolkit.WinForms\src\CommunityToolkit.WinForms\FormAndControlExtensions\CommunityToolkit.WinForms.Extensions.FormAndControlExtensions.csproj", "{CDA35A6F-D8CF-47ED-9B36-6AC60009A65F}"
EndProject
Project("{FAE04EC0-301F-11D3-BF4B-00C04F79EFBC}") = "ModernTabControl", "..\..\CommunityToolkit.WinForms\src\CommunityToolkit.WinForms\ModernTabControl\ModernTabControl.csproj", "{C9A7DF7D-CFA1-4DFE-A8B6-506D244D24E4}"
EndProject
Project("{FAE04EC0-301F-11D3-BF4B-00C04F79EFBC}") = "DevTools.DebugListener", "DebugListener\DevTools.DebugListener.csproj", "{B0FAD5E9-FE3E-4F9D-80F2-765036393F2D}"
EndProject
Project("{FAE04EC0-301F-11D3-BF4B-00C04F79EFBC}") = "CommunityToolkit.WinForms.ComponentModel", "..\..\CommunityToolkit.WinForms\src\CommunityToolkit.WinForms\ComponentModel\CommunityToolkit.WinForms.ComponentModel.csproj", "{AD49B305-354A-4E01-B510-F1D482C6D71A}"
EndProject
Project("{FAE04EC0-301F-11D3-BF4B-00C04F79EFBC}") = "CommunityToolkit.WinForms.AsyncSupport", "AsyncSupport\CommunityToolkit.WinForms.AsyncSupport.csproj", "{A3ADC47F-ECAE-4A03-B714-46AA511041CD}"
EndProject
Project("{FAE04EC0-301F-11D3-BF4B-00C04F79EFBC}") = "DevTools.Benchmarks", "App.Benchmarks\DevTools.Benchmarks.csproj", "{540A2792-082E-4A45-BBA2-2093C72C4874}"
EndProject
Project("{FAE04EC0-301F-11D3-BF4B-00C04F79EFBC}") = "DevTools.TestsX", "DevTools.TestsX\DevTools.TestsX.csproj", "{F7BEDA40-1B70-41C6-B8A5-B5135555EA35}"
EndProject
Project("{FAE04EC0-301F-11D3-BF4B-00C04F79EFBC}") = "CommunityToolkit.WinForms.TestsX", "..\..\CommunityToolkit.WinForms\tests\cs\CommunityToolkit.WinForms.TestsX\CommunityToolkit.WinForms.TestsX.csproj", "{00AD19D2-5C8C-4757-8419-E76464F887E9}"
EndProject
Project("{FAE04EC0-301F-11D3-BF4B-00C04F79EFBC}") = "DevTools.FakeDesignToolsServer", "DevTools.FakeDesignToolsServer\DevTools.FakeDesignToolsServer.csproj", "{B687AA0A-DEE9-4738-BAFD-559BDF340875}"
EndProject
Global
	GlobalSection(SolutionConfigurationPlatforms) = preSolution
		Debug|Any CPU = Debug|Any CPU
		Release|Any CPU = Release|Any CPU
	EndGlobalSection
	GlobalSection(ProjectConfigurationPlatforms) = postSolution
		{8309985A-2A90-4401-BCEA-E07322C296D9}.Debug|Any CPU.ActiveCfg = Debug|Any CPU
		{8309985A-2A90-4401-BCEA-E07322C296D9}.Debug|Any CPU.Build.0 = Debug|Any CPU
		{8309985A-2A90-4401-BCEA-E07322C296D9}.Release|Any CPU.ActiveCfg = Release|Any CPU
		{8309985A-2A90-4401-BCEA-E07322C296D9}.Release|Any CPU.Build.0 = Release|Any CPU
		{5AB54FA3-18FD-4753-9DA8-AF8817B9CE51}.Debug|Any CPU.ActiveCfg = Debug|Any CPU
		{5AB54FA3-18FD-4753-9DA8-AF8817B9CE51}.Debug|Any CPU.Build.0 = Debug|Any CPU
		{5AB54FA3-18FD-4753-9DA8-AF8817B9CE51}.Release|Any CPU.ActiveCfg = Release|Any CPU
		{5AB54FA3-18FD-4753-9DA8-AF8817B9CE51}.Release|Any CPU.Build.0 = Release|Any CPU
		{7E3068E0-C548-48E3-8B80-C675A94878CB}.Debug|Any CPU.ActiveCfg = Debug|Any CPU
		{7E3068E0-C548-48E3-8B80-C675A94878CB}.Debug|Any CPU.Build.0 = Debug|Any CPU
		{7E3068E0-C548-48E3-8B80-C675A94878CB}.Release|Any CPU.ActiveCfg = Release|Any CPU
		{7E3068E0-C548-48E3-8B80-C675A94878CB}.Release|Any CPU.Build.0 = Release|Any CPU
		{CD59A123-2C34-4251-B9D1-A9EA1003AC96}.Debug|Any CPU.ActiveCfg = Debug|Any CPU
		{CD59A123-2C34-4251-B9D1-A9EA1003AC96}.Debug|Any CPU.Build.0 = Debug|Any CPU
		{CD59A123-2C34-4251-B9D1-A9EA1003AC96}.Release|Any CPU.ActiveCfg = Release|Any CPU
		{CD59A123-2C34-4251-B9D1-A9EA1003AC96}.Release|Any CPU.Build.0 = Release|Any CPU
		{4ACDB1D3-9D29-449F-8663-27AC3498BCE1}.Debug|Any CPU.ActiveCfg = Debug|Any CPU
		{4ACDB1D3-9D29-449F-8663-27AC3498BCE1}.Debug|Any CPU.Build.0 = Debug|Any CPU
		{4ACDB1D3-9D29-449F-8663-27AC3498BCE1}.Release|Any CPU.ActiveCfg = Release|Any CPU
		{4ACDB1D3-9D29-449F-8663-27AC3498BCE1}.Release|Any CPU.Build.0 = Release|Any CPU
		{CDA35A6F-D8CF-47ED-9B36-6AC60009A65F}.Debug|Any CPU.ActiveCfg = Debug|Any CPU
		{CDA35A6F-D8CF-47ED-9B36-6AC60009A65F}.Debug|Any CPU.Build.0 = Debug|Any CPU
		{CDA35A6F-D8CF-47ED-9B36-6AC60009A65F}.Release|Any CPU.ActiveCfg = Release|Any CPU
		{CDA35A6F-D8CF-47ED-9B36-6AC60009A65F}.Release|Any CPU.Build.0 = Release|Any CPU
		{C9A7DF7D-CFA1-4DFE-A8B6-506D244D24E4}.Debug|Any CPU.ActiveCfg = Debug|Any CPU
		{C9A7DF7D-CFA1-4DFE-A8B6-506D244D24E4}.Debug|Any CPU.Build.0 = Debug|Any CPU
		{C9A7DF7D-CFA1-4DFE-A8B6-506D244D24E4}.Release|Any CPU.ActiveCfg = Release|Any CPU
		{C9A7DF7D-CFA1-4DFE-A8B6-506D244D24E4}.Release|Any CPU.Build.0 = Release|Any CPU
		{B0FAD5E9-FE3E-4F9D-80F2-765036393F2D}.Debug|Any CPU.ActiveCfg = Debug|Any CPU
		{B0FAD5E9-FE3E-4F9D-80F2-765036393F2D}.Debug|Any CPU.Build.0 = Debug|Any CPU
		{B0FAD5E9-FE3E-4F9D-80F2-765036393F2D}.Release|Any CPU.ActiveCfg = Release|Any CPU
		{B0FAD5E9-FE3E-4F9D-80F2-765036393F2D}.Release|Any CPU.Build.0 = Release|Any CPU
		{AD49B305-354A-4E01-B510-F1D482C6D71A}.Debug|Any CPU.ActiveCfg = Debug|Any CPU
		{AD49B305-354A-4E01-B510-F1D482C6D71A}.Debug|Any CPU.Build.0 = Debug|Any CPU
		{AD49B305-354A-4E01-B510-F1D482C6D71A}.Release|Any CPU.ActiveCfg = Release|Any CPU
		{AD49B305-354A-4E01-B510-F1D482C6D71A}.Release|Any CPU.Build.0 = Release|Any CPU
		{A3ADC47F-ECAE-4A03-B714-46AA511041CD}.Debug|Any CPU.ActiveCfg = Debug|Any CPU
		{A3ADC47F-ECAE-4A03-B714-46AA511041CD}.Debug|Any CPU.Build.0 = Debug|Any CPU
		{A3ADC47F-ECAE-4A03-B714-46AA511041CD}.Release|Any CPU.ActiveCfg = Release|Any CPU
		{A3ADC47F-ECAE-4A03-B714-46AA511041CD}.Release|Any CPU.Build.0 = Release|Any CPU
		{540A2792-082E-4A45-BBA2-2093C72C4874}.Debug|Any CPU.ActiveCfg = Debug|Any CPU
		{540A2792-082E-4A45-BBA2-2093C72C4874}.Debug|Any CPU.Build.0 = Debug|Any CPU
		{540A2792-082E-4A45-BBA2-2093C72C4874}.Release|Any CPU.ActiveCfg = Release|Any CPU
		{540A2792-082E-4A45-BBA2-2093C72C4874}.Release|Any CPU.Build.0 = Release|Any CPU
		{F7BEDA40-1B70-41C6-B8A5-B5135555EA35}.Debug|Any CPU.ActiveCfg = Debug|Any CPU
		{F7BEDA40-1B70-41C6-B8A5-B5135555EA35}.Debug|Any CPU.Build.0 = Debug|Any CPU
		{F7BEDA40-1B70-41C6-B8A5-B5135555EA35}.Release|Any CPU.ActiveCfg = Release|Any CPU
		{F7BEDA40-1B70-41C6-B8A5-B5135555EA35}.Release|Any CPU.Build.0 = Release|Any CPU
		{00AD19D2-5C8C-4757-8419-E76464F887E9}.Debug|Any CPU.ActiveCfg = Debug|Any CPU
		{00AD19D2-5C8C-4757-8419-E76464F887E9}.Debug|Any CPU.Build.0 = Debug|Any CPU
		{00AD19D2-5C8C-4757-8419-E76464F887E9}.Release|Any CPU.ActiveCfg = Release|Any CPU
		{00AD19D2-5C8C-4757-8419-E76464F887E9}.Release|Any CPU.Build.0 = Release|Any CPU
		{B687AA0A-DEE9-4738-BAFD-559BDF340875}.Debug|Any CPU.ActiveCfg = Debug|Any CPU
		{B687AA0A-DEE9-4738-BAFD-559BDF340875}.Debug|Any CPU.Build.0 = Debug|Any CPU
		{B687AA0A-DEE9-4738-BAFD-559BDF340875}.Release|Any CPU.ActiveCfg = Release|Any CPU
		{B687AA0A-DEE9-4738-BAFD-559BDF340875}.Release|Any CPU.Build.0 = Release|Any CPU
	EndGlobalSection
	GlobalSection(SolutionProperties) = preSolution
		HideSolutionNode = FALSE
	EndGlobalSection
	GlobalSection(NestedProjects) = preSolution
		{8309985A-2A90-4401-BCEA-E07322C296D9} = {7E5D289F-FCB0-4117-862B-C30B0C367D1A}
		{5AB54FA3-18FD-4753-9DA8-AF8817B9CE51} = {7E5D289F-FCB0-4117-862B-C30B0C367D1A}
		{7E3068E0-C548-48E3-8B80-C675A94878CB} = {7E5D289F-FCB0-4117-862B-C30B0C367D1A}
		{CD59A123-2C34-4251-B9D1-A9EA1003AC96} = {F1F2DAAE-0141-4263-8B0A-2CC97AFBB151}
		{4ACDB1D3-9D29-449F-8663-27AC3498BCE1} = {F1F2DAAE-0141-4263-8B0A-2CC97AFBB151}
		{CDA35A6F-D8CF-47ED-9B36-6AC60009A65F} = {F1F2DAAE-0141-4263-8B0A-2CC97AFBB151}
		{C9A7DF7D-CFA1-4DFE-A8B6-506D244D24E4} = {F1F2DAAE-0141-4263-8B0A-2CC97AFBB151}
		{B0FAD5E9-FE3E-4F9D-80F2-765036393F2D} = {7E5D289F-FCB0-4117-862B-C30B0C367D1A}
		{AD49B305-354A-4E01-B510-F1D482C6D71A} = {F1F2DAAE-0141-4263-8B0A-2CC97AFBB151}
		{A3ADC47F-ECAE-4A03-B714-46AA511041CD} = {F1F2DAAE-0141-4263-8B0A-2CC97AFBB151}
		{540A2792-082E-4A45-BBA2-2093C72C4874} = {7E5D289F-FCB0-4117-862B-C30B0C367D1A}
		{F7BEDA40-1B70-41C6-B8A5-B5135555EA35} = {7E5D289F-FCB0-4117-862B-C30B0C367D1A}
		{00AD19D2-5C8C-4757-8419-E76464F887E9} = {F1F2DAAE-0141-4263-8B0A-2CC97AFBB151}
		{B687AA0A-DEE9-4738-BAFD-559BDF340875} = {7E5D289F-FCB0-4117-862B-C30B0C367D1A}
	EndGlobalSection
	GlobalSection(ExtensibilityGlobals) = postSolution
		SolutionGuid = {02BB4031-A5D7-45D0-8234-A9AC91240B69}
	EndGlobalSection
EndGlobal
