
Microsoft Visual Studio Solution File, Format Version 12.00
# Visual Studio Version 17
VisualStudioVersion = 17.3.32605.63
MinimumVisualStudioVersion = 10.0.40219.1
Project("{FAE04EC0-301F-11D3-BF4B-00C04F79EFBC}") = "WinFormsDevTools", "WinFormsDevTools\WinFormsDevTools.csproj", "{8309985A-2A90-4401-BCEA-E07322C296D9}"
EndProject
Project("{FAE04EC0-301F-11D3-BF4B-00C04F79EFBC}") = "WinFormsToolLib", "WinFormsToolLib\WinFormsToolLib.csproj", "{5AB54FA3-18FD-4753-9DA8-AF8817B9CE51}"
EndProject
Global
	GlobalSection(SolutionConfigurationPlatforms) = preSolution
		Debug|Any CPU = Debug|Any CPU
		Release|Any CPU = Release|Any CPU
	EndGlobalSection
	GlobalSection(ProjectConfigurationPlatforms) = postSolution
		{8309985A-2A90-4401-BCEA-E07322C296D9}.Debug|Any CPU.ActiveCfg = Debug|Any CPU
		{8309985A-2A90-4401-BCEA-E07322C296D9}.Debug|Any CPU.Build.0 = Debug|Any CPU
		{8309985A-2A90-4401-BCEA-E07322C296D9}.Release|Any CPU.ActiveCfg = Release|Any CPU
		{8309985A-2A90-4401-BCEA-E07322C296D9}.Release|Any CPU.Build.0 = Release|Any CPU
		{5AB54FA3-18FD-4753-9DA8-AF8817B9CE51}.Debug|Any CPU.ActiveCfg = Debug|Any CPU
		{5AB54FA3-18FD-4753-9DA8-AF8817B9CE51}.Debug|Any CPU.Build.0 = Debug|Any CPU
		{5AB54FA3-18FD-4753-9DA8-AF8817B9CE51}.Release|Any CPU.ActiveCfg = Release|Any CPU
		{5AB54FA3-18FD-4753-9DA8-AF8817B9CE51}.Release|Any CPU.Build.0 = Release|Any CPU
	EndGlobalSection
	GlobalSection(SolutionProperties) = preSolution
		HideSolutionNode = FALSE
	EndGlobalSection
	GlobalSection(ExtensibilityGlobals) = postSolution
		SolutionGuid = {02BB4031-A5D7-45D0-8234-A9AC91240B69}
	EndGlobalSection
EndGlobal
